
Microsoft Visual Studio Solution File, Format Version 12.00
# Visual Studio Version 17
VisualStudioVersion = 17.13.35913.81 d17.13
MinimumVisualStudioVersion = 10.0.40219.1
Project("{FAE04EC0-301F-11D3-BF4B-00C04F79EFBC}") = "WebApplication1", "WebApplication1.csproj", "{2F32BD65-A608-4BFF-B65A-F058C70B1EDE}"
EndProject
Global
	GlobalSection(SolutionConfigurationPlatforms) = preSolution
		Debug|Any CPU = Debug|Any CPU
		Release|Any CPU = Release|Any CPU
	EndGlobalSection
	GlobalSection(ProjectConfigurationPlatforms) = postSolution
		{2F32BD65-A608-4BFF-B65A-F058C70B1EDE}.Debug|Any CPU.ActiveCfg = Debug|Any CPU
		{2F32BD65-A608-4BFF-B65A-F058C70B1EDE}.Debug|Any CPU.Build.0 = Debug|Any CPU
		{2F32BD65-A608-4BFF-B65A-F058C70B1EDE}.Release|Any CPU.ActiveCfg = Release|Any CPU
		{2F32BD65-A608-4BFF-B65A-F058C70B1EDE}.Release|Any CPU.Build.0 = Release|Any CPU
	EndGlobalSection
	GlobalSection(SolutionProperties) = preSolution
		HideSolutionNode = FALSE
	EndGlobalSection
	GlobalSection(ExtensibilityGlobals) = postSolution
		SolutionGuid = {04BF9771-6AD6-4C3D-AD22-0F69AF30F037}
	EndGlobalSection
EndGlobal
